
Microsoft Visual Studio Solution File, Format Version 12.00
# Visual Studio Version 17
VisualStudioVersion = 17.0.32112.339
MinimumVisualStudioVersion = 10.0.40219.1
Project("{FAE04EC0-301F-11D3-BF4B-00C04F79EFBC}") = "SerializationAndDeserialization", "SerializationAndDeserialization\SerializationAndDeserialization.csproj", "{A9AD4EEC-D49F-4225-B6ED-6834D5AE97BB}"
EndProject
Global
	GlobalSection(SolutionConfigurationPlatforms) = preSolution
		Debug|Any CPU = Debug|Any CPU
		Release|Any CPU = Release|Any CPU
	EndGlobalSection
	GlobalSection(ProjectConfigurationPlatforms) = postSolution
		{A9AD4EEC-D49F-4225-B6ED-6834D5AE97BB}.Debug|Any CPU.ActiveCfg = Debug|Any CPU
		{A9AD4EEC-D49F-4225-B6ED-6834D5AE97BB}.Debug|Any CPU.Build.0 = Debug|Any CPU
		{A9AD4EEC-D49F-4225-B6ED-6834D5AE97BB}.Release|Any CPU.ActiveCfg = Release|Any CPU
		{A9AD4EEC-D49F-4225-B6ED-6834D5AE97BB}.Release|Any CPU.Build.0 = Release|Any CPU
	EndGlobalSection
	GlobalSection(SolutionProperties) = preSolution
		HideSolutionNode = FALSE
	EndGlobalSection
	GlobalSection(ExtensibilityGlobals) = postSolution
		SolutionGuid = {C886DFED-2E81-4781-95C8-BE93DF9C31D3}
	EndGlobalSection
EndGlobal
